
Microsoft Visual Studio Solution File, Format Version 12.00
Project("{FAE04EC0-301F-11D3-BF4B-00C04F79EFBC}") = "inmind-Project1", "inmind-Project1\inmind-Project1.csproj", "{C32ACD7A-25DC-4553-BE6F-DC6FA52E98B2}"
EndProject
Global
	GlobalSection(SolutionConfigurationPlatforms) = preSolution
		Debug|Any CPU = Debug|Any CPU
		Release|Any CPU = Release|Any CPU
	EndGlobalSection
	GlobalSection(ProjectConfigurationPlatforms) = postSolution
		{C32ACD7A-25DC-4553-BE6F-DC6FA52E98B2}.Debug|Any CPU.ActiveCfg = Debug|Any CPU
		{C32ACD7A-25DC-4553-BE6F-DC6FA52E98B2}.Debug|Any CPU.Build.0 = Debug|Any CPU
		{C32ACD7A-25DC-4553-BE6F-DC6FA52E98B2}.Release|Any CPU.ActiveCfg = Release|Any CPU
		{C32ACD7A-25DC-4553-BE6F-DC6FA52E98B2}.Release|Any CPU.Build.0 = Release|Any CPU
	EndGlobalSection
EndGlobal
